
Microsoft Visual Studio Solution File, Format Version 12.00
# Visual Studio Version 16
VisualStudioVersion = 16.0.32510.428
MinimumVisualStudioVersion = 10.0.40219.1
Project("{9A19103F-16F7-4668-BE54-9A1E7A4F7556}") = "01.AdvertisementMessage", "01.AdvertisementMessage\01.AdvertisementMessage.csproj", "{A1629332-8891-4109-9B36-81CC04FFAC64}"
EndProject
Project("{9A19103F-16F7-4668-BE54-9A1E7A4F7556}") = "02.Articles", "02.Articles\02.Articles.csproj", "{3752B7B0-613D-4396-8A9A-982D70A8A5AF}"
EndProject
Project("{9A19103F-16F7-4668-BE54-9A1E7A4F7556}") = "03.Articles2.0", "03.Articles2.0\03.Articles2.0.csproj", "{14C3CDD3-D381-4E32-B07D-DCB49E75EE38}"
EndProject
Project("{9A19103F-16F7-4668-BE54-9A1E7A4F7556}") = "04.Students", "04.Students\04.Students.csproj", "{82714BC9-C730-4C9E-8D88-6392D0C679C0}"
EndProject
Project("{9A19103F-16F7-4668-BE54-9A1E7A4F7556}") = "05.TeamworkProjects", "05.TeamworkProjects\05.TeamworkProjects.csproj", "{EB7EE24B-9663-4E52-B443-660CA845BD0B}"
EndProject
Project("{9A19103F-16F7-4668-BE54-9A1E7A4F7556}") = "06.Vehicle Catalogue", "06.Vehicle Catalogue\06.Vehicle Catalogue.csproj", "{623CC923-BDC6-4955-9C1E-3A2F894075D1}"
EndProject
Project("{FAE04EC0-301F-11D3-BF4B-00C04F79EFBC}") = "07.OrderByAge", "07. OrderByAge\07.OrderByAge.csproj", "{CF4C132C-AAE6-4B59-B46C-A41A3624023F}"
EndProject
Global
	GlobalSection(SolutionConfigurationPlatforms) = preSolution
		Debug|Any CPU = Debug|Any CPU
		Release|Any CPU = Release|Any CPU
	EndGlobalSection
	GlobalSection(ProjectConfigurationPlatforms) = postSolution
		{A1629332-8891-4109-9B36-81CC04FFAC64}.Debug|Any CPU.ActiveCfg = Debug|Any CPU
		{A1629332-8891-4109-9B36-81CC04FFAC64}.Debug|Any CPU.Build.0 = Debug|Any CPU
		{A1629332-8891-4109-9B36-81CC04FFAC64}.Release|Any CPU.ActiveCfg = Release|Any CPU
		{A1629332-8891-4109-9B36-81CC04FFAC64}.Release|Any CPU.Build.0 = Release|Any CPU
		{3752B7B0-613D-4396-8A9A-982D70A8A5AF}.Debug|Any CPU.ActiveCfg = Debug|Any CPU
		{3752B7B0-613D-4396-8A9A-982D70A8A5AF}.Debug|Any CPU.Build.0 = Debug|Any CPU
		{3752B7B0-613D-4396-8A9A-982D70A8A5AF}.Release|Any CPU.ActiveCfg = Release|Any CPU
		{3752B7B0-613D-4396-8A9A-982D70A8A5AF}.Release|Any CPU.Build.0 = Release|Any CPU
		{14C3CDD3-D381-4E32-B07D-DCB49E75EE38}.Debug|Any CPU.ActiveCfg = Debug|Any CPU
		{14C3CDD3-D381-4E32-B07D-DCB49E75EE38}.Debug|Any CPU.Build.0 = Debug|Any CPU
		{14C3CDD3-D381-4E32-B07D-DCB49E75EE38}.Release|Any CPU.ActiveCfg = Release|Any CPU
		{14C3CDD3-D381-4E32-B07D-DCB49E75EE38}.Release|Any CPU.Build.0 = Release|Any CPU
		{82714BC9-C730-4C9E-8D88-6392D0C679C0}.Debug|Any CPU.ActiveCfg = Debug|Any CPU
		{82714BC9-C730-4C9E-8D88-6392D0C679C0}.Debug|Any CPU.Build.0 = Debug|Any CPU
		{82714BC9-C730-4C9E-8D88-6392D0C679C0}.Release|Any CPU.ActiveCfg = Release|Any CPU
		{82714BC9-C730-4C9E-8D88-6392D0C679C0}.Release|Any CPU.Build.0 = Release|Any CPU
		{EB7EE24B-9663-4E52-B443-660CA845BD0B}.Debug|Any CPU.ActiveCfg = Debug|Any CPU
		{EB7EE24B-9663-4E52-B443-660CA845BD0B}.Debug|Any CPU.Build.0 = Debug|Any CPU
		{EB7EE24B-9663-4E52-B443-660CA845BD0B}.Release|Any CPU.ActiveCfg = Release|Any CPU
		{EB7EE24B-9663-4E52-B443-660CA845BD0B}.Release|Any CPU.Build.0 = Release|Any CPU
		{623CC923-BDC6-4955-9C1E-3A2F894075D1}.Debug|Any CPU.ActiveCfg = Debug|Any CPU
		{623CC923-BDC6-4955-9C1E-3A2F894075D1}.Debug|Any CPU.Build.0 = Debug|Any CPU
		{623CC923-BDC6-4955-9C1E-3A2F894075D1}.Release|Any CPU.ActiveCfg = Release|Any CPU
		{623CC923-BDC6-4955-9C1E-3A2F894075D1}.Release|Any CPU.Build.0 = Release|Any CPU
		{CF4C132C-AAE6-4B59-B46C-A41A3624023F}.Debug|Any CPU.ActiveCfg = Debug|Any CPU
		{CF4C132C-AAE6-4B59-B46C-A41A3624023F}.Debug|Any CPU.Build.0 = Debug|Any CPU
		{CF4C132C-AAE6-4B59-B46C-A41A3624023F}.Release|Any CPU.ActiveCfg = Release|Any CPU
		{CF4C132C-AAE6-4B59-B46C-A41A3624023F}.Release|Any CPU.Build.0 = Release|Any CPU
	EndGlobalSection
	GlobalSection(SolutionProperties) = preSolution
		HideSolutionNode = FALSE
	EndGlobalSection
	GlobalSection(ExtensibilityGlobals) = postSolution
		SolutionGuid = {9EEE54F3-3DCE-4298-AEB6-BD63EF71496B}
	EndGlobalSection
EndGlobal
