
Microsoft Visual Studio Solution File, Format Version 12.00
# Visual Studio Version 16
VisualStudioVersion = 16.0.32510.428
MinimumVisualStudioVersion = 10.0.40219.1
Project("{9A19103F-16F7-4668-BE54-9A1E7A4F7556}") = "11.MatchFullName", "11.MatchFullName\11.MatchFullName.csproj", "{AEFC991E-7D69-465B-A903-8BE3FC094399}"
EndProject
Project("{9A19103F-16F7-4668-BE54-9A1E7A4F7556}") = "01.Furniture", "01.Furniture\01.Furniture.csproj", "{9A099955-74B5-4BF8-A9EF-AC7097A363F4}"
EndProject
Project("{9A19103F-16F7-4668-BE54-9A1E7A4F7556}") = "02.Race", "02.Race\02.Race.csproj", "{60584E5D-6276-43CE-899C-D49BAA56E686}"
EndProject
Project("{9A19103F-16F7-4668-BE54-9A1E7A4F7556}") = "03.SoftUniBarIncome", "03.SoftUniBarIncome\03.SoftUniBarIncome.csproj", "{E6E4B665-6DDC-4C83-8288-4EE989082D26}"
EndProject
Project("{FAE04EC0-301F-11D3-BF4B-00C04F79EFBC}") = "04.StarEnigma", "04.StarEnigma\04.StarEnigma.csproj", "{E808B1CE-4A4C-43F8-A71A-112BE0F5749E}"
EndProject
Global
	GlobalSection(SolutionConfigurationPlatforms) = preSolution
		Debug|Any CPU = Debug|Any CPU
		Release|Any CPU = Release|Any CPU
	EndGlobalSection
	GlobalSection(ProjectConfigurationPlatforms) = postSolution
		{AEFC991E-7D69-465B-A903-8BE3FC094399}.Debug|Any CPU.ActiveCfg = Debug|Any CPU
		{AEFC991E-7D69-465B-A903-8BE3FC094399}.Debug|Any CPU.Build.0 = Debug|Any CPU
		{AEFC991E-7D69-465B-A903-8BE3FC094399}.Release|Any CPU.ActiveCfg = Release|Any CPU
		{AEFC991E-7D69-465B-A903-8BE3FC094399}.Release|Any CPU.Build.0 = Release|Any CPU
		{9A099955-74B5-4BF8-A9EF-AC7097A363F4}.Debug|Any CPU.ActiveCfg = Debug|Any CPU
		{9A099955-74B5-4BF8-A9EF-AC7097A363F4}.Debug|Any CPU.Build.0 = Debug|Any CPU
		{9A099955-74B5-4BF8-A9EF-AC7097A363F4}.Release|Any CPU.ActiveCfg = Release|Any CPU
		{9A099955-74B5-4BF8-A9EF-AC7097A363F4}.Release|Any CPU.Build.0 = Release|Any CPU
		{60584E5D-6276-43CE-899C-D49BAA56E686}.Debug|Any CPU.ActiveCfg = Debug|Any CPU
		{60584E5D-6276-43CE-899C-D49BAA56E686}.Debug|Any CPU.Build.0 = Debug|Any CPU
		{60584E5D-6276-43CE-899C-D49BAA56E686}.Release|Any CPU.ActiveCfg = Release|Any CPU
		{60584E5D-6276-43CE-899C-D49BAA56E686}.Release|Any CPU.Build.0 = Release|Any CPU
		{E6E4B665-6DDC-4C83-8288-4EE989082D26}.Debug|Any CPU.ActiveCfg = Debug|Any CPU
		{E6E4B665-6DDC-4C83-8288-4EE989082D26}.Debug|Any CPU.Build.0 = Debug|Any CPU
		{E6E4B665-6DDC-4C83-8288-4EE989082D26}.Release|Any CPU.ActiveCfg = Release|Any CPU
		{E6E4B665-6DDC-4C83-8288-4EE989082D26}.Release|Any CPU.Build.0 = Release|Any CPU
		{E808B1CE-4A4C-43F8-A71A-112BE0F5749E}.Debug|Any CPU.ActiveCfg = Debug|Any CPU
		{E808B1CE-4A4C-43F8-A71A-112BE0F5749E}.Debug|Any CPU.Build.0 = Debug|Any CPU
		{E808B1CE-4A4C-43F8-A71A-112BE0F5749E}.Release|Any CPU.ActiveCfg = Release|Any CPU
		{E808B1CE-4A4C-43F8-A71A-112BE0F5749E}.Release|Any CPU.Build.0 = Release|Any CPU
	EndGlobalSection
	GlobalSection(SolutionProperties) = preSolution
		HideSolutionNode = FALSE
	EndGlobalSection
	GlobalSection(ExtensibilityGlobals) = postSolution
		SolutionGuid = {735C0F39-9530-4BF4-9BE8-024C973824BE}
	EndGlobalSection
EndGlobal
