
Microsoft Visual Studio Solution File, Format Version 12.00
# Visual Studio Version 16
VisualStudioVersion = 16.0.32510.428
MinimumVisualStudioVersion = 10.0.40219.1
Project("{9A19103F-16F7-4668-BE54-9A1E7A4F7556}") = "01.Train", "01.Train\01.Train.csproj", "{DFB3C7CC-F77B-48CE-B1AA-6C61712990D3}"
EndProject
Project("{9A19103F-16F7-4668-BE54-9A1E7A4F7556}") = "02.ChangeList", "02.ChangeList\02.ChangeList.csproj", "{6365E6EE-79BC-439D-968B-FA742B927FB8}"
EndProject
Project("{9A19103F-16F7-4668-BE54-9A1E7A4F7556}") = "03.HouseParty", "HouseParty\03.HouseParty.csproj", "{90906D3B-55EA-487C-BDB1-E02246606051}"
EndProject
Project("{9A19103F-16F7-4668-BE54-9A1E7A4F7556}") = "04.ListOperations", "04.ListOperations\04.ListOperations.csproj", "{2D2BE6CA-7FAA-4784-8A74-81DE1F9181AD}"
EndProject
Project("{9A19103F-16F7-4668-BE54-9A1E7A4F7556}") = "05.BombNumbers", "05.BombNumbers\05.BombNumbers.csproj", "{7BC22390-368C-4ECC-83E4-25CEC9419D24}"
EndProject
Project("{9A19103F-16F7-4668-BE54-9A1E7A4F7556}") = "06.CardsGame", "06.CardsGame\06.CardsGame.csproj", "{59F637AD-87E7-4AC3-BA55-D49160CC99E6}"
EndProject
Project("{FAE04EC0-301F-11D3-BF4B-00C04F79EFBC}") = "07.AppendArrays", "07.AppendArrays\07.AppendArrays.csproj", "{D2604145-5B72-46C3-BDFD-A6912E24DD46}"
EndProject
Global
	GlobalSection(SolutionConfigurationPlatforms) = preSolution
		Debug|Any CPU = Debug|Any CPU
		Release|Any CPU = Release|Any CPU
	EndGlobalSection
	GlobalSection(ProjectConfigurationPlatforms) = postSolution
		{DFB3C7CC-F77B-48CE-B1AA-6C61712990D3}.Debug|Any CPU.ActiveCfg = Debug|Any CPU
		{DFB3C7CC-F77B-48CE-B1AA-6C61712990D3}.Debug|Any CPU.Build.0 = Debug|Any CPU
		{DFB3C7CC-F77B-48CE-B1AA-6C61712990D3}.Release|Any CPU.ActiveCfg = Release|Any CPU
		{DFB3C7CC-F77B-48CE-B1AA-6C61712990D3}.Release|Any CPU.Build.0 = Release|Any CPU
		{6365E6EE-79BC-439D-968B-FA742B927FB8}.Debug|Any CPU.ActiveCfg = Debug|Any CPU
		{6365E6EE-79BC-439D-968B-FA742B927FB8}.Debug|Any CPU.Build.0 = Debug|Any CPU
		{6365E6EE-79BC-439D-968B-FA742B927FB8}.Release|Any CPU.ActiveCfg = Release|Any CPU
		{6365E6EE-79BC-439D-968B-FA742B927FB8}.Release|Any CPU.Build.0 = Release|Any CPU
		{90906D3B-55EA-487C-BDB1-E02246606051}.Debug|Any CPU.ActiveCfg = Debug|Any CPU
		{90906D3B-55EA-487C-BDB1-E02246606051}.Debug|Any CPU.Build.0 = Debug|Any CPU
		{90906D3B-55EA-487C-BDB1-E02246606051}.Release|Any CPU.ActiveCfg = Release|Any CPU
		{90906D3B-55EA-487C-BDB1-E02246606051}.Release|Any CPU.Build.0 = Release|Any CPU
		{2D2BE6CA-7FAA-4784-8A74-81DE1F9181AD}.Debug|Any CPU.ActiveCfg = Debug|Any CPU
		{2D2BE6CA-7FAA-4784-8A74-81DE1F9181AD}.Debug|Any CPU.Build.0 = Debug|Any CPU
		{2D2BE6CA-7FAA-4784-8A74-81DE1F9181AD}.Release|Any CPU.ActiveCfg = Release|Any CPU
		{2D2BE6CA-7FAA-4784-8A74-81DE1F9181AD}.Release|Any CPU.Build.0 = Release|Any CPU
		{7BC22390-368C-4ECC-83E4-25CEC9419D24}.Debug|Any CPU.ActiveCfg = Debug|Any CPU
		{7BC22390-368C-4ECC-83E4-25CEC9419D24}.Debug|Any CPU.Build.0 = Debug|Any CPU
		{7BC22390-368C-4ECC-83E4-25CEC9419D24}.Release|Any CPU.ActiveCfg = Release|Any CPU
		{7BC22390-368C-4ECC-83E4-25CEC9419D24}.Release|Any CPU.Build.0 = Release|Any CPU
		{59F637AD-87E7-4AC3-BA55-D49160CC99E6}.Debug|Any CPU.ActiveCfg = Debug|Any CPU
		{59F637AD-87E7-4AC3-BA55-D49160CC99E6}.Debug|Any CPU.Build.0 = Debug|Any CPU
		{59F637AD-87E7-4AC3-BA55-D49160CC99E6}.Release|Any CPU.ActiveCfg = Release|Any CPU
		{59F637AD-87E7-4AC3-BA55-D49160CC99E6}.Release|Any CPU.Build.0 = Release|Any CPU
		{D2604145-5B72-46C3-BDFD-A6912E24DD46}.Debug|Any CPU.ActiveCfg = Debug|Any CPU
		{D2604145-5B72-46C3-BDFD-A6912E24DD46}.Debug|Any CPU.Build.0 = Debug|Any CPU
		{D2604145-5B72-46C3-BDFD-A6912E24DD46}.Release|Any CPU.ActiveCfg = Release|Any CPU
		{D2604145-5B72-46C3-BDFD-A6912E24DD46}.Release|Any CPU.Build.0 = Release|Any CPU
	EndGlobalSection
	GlobalSection(SolutionProperties) = preSolution
		HideSolutionNode = FALSE
	EndGlobalSection
	GlobalSection(ExtensibilityGlobals) = postSolution
		SolutionGuid = {A0677E9A-175F-47C6-B7DE-B9CEB09FFCC8}
	EndGlobalSection
EndGlobal
